// !$*UTF8*$!
{
	archiveVersion = 1;
	classes = {
	};
	objectVersion = 77;
	objects = {

/* Begin PBXContainerItemProxy section */
		AA96D2FE2D4673BD00A5A828 /* PBXContainerItemProxy */ = {
			isa = PBXContainerItemProxy;
			containerPortal = AA96D2E52D4673BC00A5A828 /* Project object */;
			proxyType = 1;
			remoteGlobalIDString = AA96D2EC2D4673BC00A5A828;
			remoteInfo = RadiOS;
		};
		AA96D3082D4673BD00A5A828 /* PBXContainerItemProxy */ = {
			isa = PBXContainerItemProxy;
			containerPortal = AA96D2E52D4673BC00A5A828 /* Project object */;
			proxyType = 1;
			remoteGlobalIDString = AA96D2EC2D4673BC00A5A828;
			remoteInfo = RadiOS;
		};
/* End PBXContainerItemProxy section */

/* Begin PBXFileReference section */
		AA96D2ED2D4673BC00A5A828 /* RadiOS.app */ = {isa = PBXFileReference; explicitFileType = wrapper.application; includeInIndex = 0; path = RadiOS.app; sourceTree = BUILT_PRODUCTS_DIR; };
		AA96D2FD2D4673BD00A5A828 /* RadiOSTests.xctest */ = {isa = PBXFileReference; explicitFileType = wrapper.cfbundle; includeInIndex = 0; path = RadiOSTests.xctest; sourceTree = BUILT_PRODUCTS_DIR; };
		AA96D3072D4673BD00A5A828 /* RadiOSUITests.xctest */ = {isa = PBXFileReference; explicitFileType = wrapper.cfbundle; includeInIndex = 0; path = RadiOSUITests.xctest; sourceTree = BUILT_PRODUCTS_DIR; };
/* End PBXFileReference section */

/* Begin PBXFileSystemSynchronizedBuildFileExceptionSet section */
		AA59BCDD2D46DD9900344C70 /* Exceptions for "RadiOS" folder in "RadiOS" target */ = {
			isa = PBXFileSystemSynchronizedBuildFileExceptionSet;
			membershipExceptions = (
				Info.plist,
			);
			target = AA96D2EC2D4673BC00A5A828 /* RadiOS */;
		};
/* End PBXFileSystemSynchronizedBuildFileExceptionSet section */

/* Begin PBXFileSystemSynchronizedRootGroup section */
		AA96D2EF2D4673BC00A5A828 /* RadiOS */ = {
			isa = PBXFileSystemSynchronizedRootGroup;
			exceptions = (
				AA59BCDD2D46DD9900344C70 /* Exceptions for "RadiOS" folder in "RadiOS" target */,
			);
			path = RadiOS;
			sourceTree = "<group>";
		};
		AA96D3002D4673BD00A5A828 /* RadiOSTests */ = {
			isa = PBXFileSystemSynchronizedRootGroup;
			path = RadiOSTests;
			sourceTree = "<group>";
		};
		AA96D30A2D4673BD00A5A828 /* RadiOSUITests */ = {
			isa = PBXFileSystemSynchronizedRootGroup;
			path = RadiOSUITests;
			sourceTree = "<group>";
		};
/* End PBXFileSystemSynchronizedRootGroup section */

/* Begin PBXFrameworksBuildPhase section */
		AA96D2EA2D4673BC00A5A828 /* Frameworks */ = {
			isa = PBXFrameworksBuildPhase;
			buildActionMask = 2147483647;
			files = (
			);
			runOnlyForDeploymentPostprocessing = 0;
		};
		AA96D2FA2D4673BD00A5A828 /* Frameworks */ = {
			isa = PBXFrameworksBuildPhase;
			buildActionMask = 2147483647;
			files = (
			);
			runOnlyForDeploymentPostprocessing = 0;
		};
		AA96D3042D4673BD00A5A828 /* Frameworks */ = {
			isa = PBXFrameworksBuildPhase;
			buildActionMask = 2147483647;
			files = (
			);
			runOnlyForDeploymentPostprocessing = 0;
		};
/* End PBXFrameworksBuildPhase section */

/* Begin PBXGroup section */
		AA96D2E42D4673BC00A5A828 = {
			isa = PBXGroup;
			children = (
				AA96D2EF2D4673BC00A5A828 /* RadiOS */,
				AA96D3002D4673BD00A5A828 /* RadiOSTests */,
				AA96D30A2D4673BD00A5A828 /* RadiOSUITests */,
				AA96D2EE2D4673BC00A5A828 /* Products */,
			);
			sourceTree = "<group>";
		};
		AA96D2EE2D4673BC00A5A828 /* Products */ = {
			isa = PBXGroup;
			children = (
				AA96D2ED2D4673BC00A5A828 /* RadiOS.app */,
				AA96D2FD2D4673BD00A5A828 /* RadiOSTests.xctest */,
				AA96D3072D4673BD00A5A828 /* RadiOSUITests.xctest */,
			);
			name = Products;
			sourceTree = "<group>";
		};
/* End PBXGroup section */

/* Begin PBXNativeTarget section */
		AA96D2EC2D4673BC00A5A828 /* RadiOS */ = {
			isa = PBXNativeTarget;
			buildConfigurationList = AA96D3112D4673BD00A5A828 /* Build configuration list for PBXNativeTarget "RadiOS" */;
			buildPhases = (
				AA96D2E92D4673BC00A5A828 /* Sources */,
				AA96D2EA2D4673BC00A5A828 /* Frameworks */,
				AA96D2EB2D4673BC00A5A828 /* Resources */,
			);
			buildRules = (
			);
			dependencies = (
			);
			fileSystemSynchronizedGroups = (
				AA96D2EF2D4673BC00A5A828 /* RadiOS */,
			);
			name = RadiOS;
			packageProductDependencies = (
			);
			productName = RadiOS;
			productReference = AA96D2ED2D4673BC00A5A828 /* RadiOS.app */;
			productType = "com.apple.product-type.application";
		};
		AA96D2FC2D4673BD00A5A828 /* RadiOSTests */ = {
			isa = PBXNativeTarget;
			buildConfigurationList = AA96D3142D4673BD00A5A828 /* Build configuration list for PBXNativeTarget "RadiOSTests" */;
			buildPhases = (
				AA96D2F92D4673BD00A5A828 /* Sources */,
				AA96D2FA2D4673BD00A5A828 /* Frameworks */,
				AA96D2FB2D4673BD00A5A828 /* Resources */,
			);
			buildRules = (
			);
			dependencies = (
				AA96D2FF2D4673BD00A5A828 /* PBXTargetDependency */,
			);
			fileSystemSynchronizedGroups = (
				AA96D3002D4673BD00A5A828 /* RadiOSTests */,
			);
			name = RadiOSTests;
			packageProductDependencies = (
			);
			productName = RadiOSTests;
			productReference = AA96D2FD2D4673BD00A5A828 /* RadiOSTests.xctest */;
			productType = "com.apple.product-type.bundle.unit-test";
		};
		AA96D3062D4673BD00A5A828 /* RadiOSUITests */ = {
			isa = PBXNativeTarget;
			buildConfigurationList = AA96D3172D4673BD00A5A828 /* Build configuration list for PBXNativeTarget "RadiOSUITests" */;
			buildPhases = (
				AA96D3032D4673BD00A5A828 /* Sources */,
				AA96D3042D4673BD00A5A828 /* Frameworks */,
				AA96D3052D4673BD00A5A828 /* Resources */,
			);
			buildRules = (
			);
			dependencies = (
				AA96D3092D4673BD00A5A828 /* PBXTargetDependency */,
			);
			fileSystemSynchronizedGroups = (
				AA96D30A2D4673BD00A5A828 /* RadiOSUITests */,
			);
			name = RadiOSUITests;
			packageProductDependencies = (
			);
			productName = RadiOSUITests;
			productReference = AA96D3072D4673BD00A5A828 /* RadiOSUITests.xctest */;
			productType = "com.apple.product-type.bundle.ui-testing";
		};
/* End PBXNativeTarget section */

/* Begin PBXProject section */
		AA96D2E52D4673BC00A5A828 /* Project object */ = {
			isa = PBXProject;
			attributes = {
				BuildIndependentTargetsInParallel = 1;
				LastSwiftUpdateCheck = 1610;
				LastUpgradeCheck = 1610;
				TargetAttributes = {
					AA96D2EC2D4673BC00A5A828 = {
						CreatedOnToolsVersion = 16.1;
					};
					AA96D2FC2D4673BD00A5A828 = {
						CreatedOnToolsVersion = 16.1;
						TestTargetID = AA96D2EC2D4673BC00A5A828;
					};
					AA96D3062D4673BD00A5A828 = {
						CreatedOnToolsVersion = 16.1;
						TestTargetID = AA96D2EC2D4673BC00A5A828;
					};
				};
			};
			buildConfigurationList = AA96D2E82D4673BC00A5A828 /* Build configuration list for PBXProject "RadiOS" */;
			developmentRegion = en;
			hasScannedForEncodings = 0;
			knownRegions = (
				en,
				Base,
			);
			mainGroup = AA96D2E42D4673BC00A5A828;
			minimizedProjectReferenceProxies = 1;
			preferredProjectObjectVersion = 77;
			productRefGroup = AA96D2EE2D4673BC00A5A828 /* Products */;
			projectDirPath = "";
			projectRoot = "";
			targets = (
				AA96D2EC2D4673BC00A5A828 /* RadiOS */,
				AA96D2FC2D4673BD00A5A828 /* RadiOSTests */,
				AA96D3062D4673BD00A5A828 /* RadiOSUITests */,
			);
		};
/* End PBXProject section */

/* Begin PBXResourcesBuildPhase section */
		AA96D2EB2D4673BC00A5A828 /* Resources */ = {
			isa = PBXResourcesBuildPhase;
			buildActionMask = 2147483647;
			files = (
			);
			runOnlyForDeploymentPostprocessing = 0;
		};
		AA96D2FB2D4673BD00A5A828 /* Resources */ = {
			isa = PBXResourcesBuildPhase;
			buildActionMask = 2147483647;
			files = (
			);
			runOnlyForDeploymentPostprocessing = 0;
		};
		AA96D3052D4673BD00A5A828 /* Resources */ = {
			isa = PBXResourcesBuildPhase;
			buildActionMask = 2147483647;
			files = (
			);
			runOnlyForDeploymentPostprocessing = 0;
		};
/* End PBXResourcesBuildPhase section */

/* Begin PBXSourcesBuildPhase section */
		AA96D2E92D4673BC00A5A828 /* Sources */ = {
			isa = PBXSourcesBuildPhase;
			buildActionMask = 2147483647;
			files = (
			);
			runOnlyForDeploymentPostprocessing = 0;
		};
		AA96D2F92D4673BD00A5A828 /* Sources */ = {
			isa = PBXSourcesBuildPhase;
			buildActionMask = 2147483647;
			files = (
			);
			runOnlyForDeploymentPostprocessing = 0;
		};
		AA96D3032D4673BD00A5A828 /* Sources */ = {
			isa = PBXSourcesBuildPhase;
			buildActionMask = 2147483647;
			files = (
			);
			runOnlyForDeploymentPostprocessing = 0;
		};
/* End PBXSourcesBuildPhase section */

/* Begin PBXTargetDependency section */
		AA96D2FF2D4673BD00A5A828 /* PBXTargetDependency */ = {
			isa = PBXTargetDependency;
			target = AA96D2EC2D4673BC00A5A828 /* RadiOS */;
			targetProxy = AA96D2FE2D4673BD00A5A828 /* PBXContainerItemProxy */;
		};
		AA96D3092D4673BD00A5A828 /* PBXTargetDependency */ = {
			isa = PBXTargetDependency;
			target = AA96D2EC2D4673BC00A5A828 /* RadiOS */;
			targetProxy = AA96D3082D4673BD00A5A828 /* PBXContainerItemProxy */;
		};
/* End PBXTargetDependency section */

/* Begin XCBuildConfiguration section */
		AA96D30F2D4673BD00A5A828 /* Debug */ = {
			isa = XCBuildConfiguration;
			buildSettings = {
				ALWAYS_SEARCH_USER_PATHS = NO;
				ASSETCATALOG_COMPILER_GENERATE_SWIFT_ASSET_SYMBOL_EXTENSIONS = YES;
				CLANG_ANALYZER_NONNULL = YES;
				CLANG_ANALYZER_NUMBER_OBJECT_CONVERSION = YES_AGGRESSIVE;
				CLANG_CXX_LANGUAGE_STANDARD = "gnu++20";
				CLANG_ENABLE_MODULES = YES;
				CLANG_ENABLE_OBJC_ARC = YES;
				CLANG_ENABLE_OBJC_WEAK = YES;
				CLANG_WARN_BLOCK_CAPTURE_AUTORELEASING = YES;
				CLANG_WARN_BOOL_CONVERSION = YES;
				CLANG_WARN_COMMA = YES;
				CLANG_WARN_CONSTANT_CONVERSION = YES;
				CLANG_WARN_DEPRECATED_OBJC_IMPLEMENTATIONS = YES;
				CLANG_WARN_DIRECT_OBJC_ISA_USAGE = YES_ERROR;
				CLANG_WARN_DOCUMENTATION_COMMENTS = YES;
				CLANG_WARN_EMPTY_BODY = YES;
				CLANG_WARN_ENUM_CONVERSION = YES;
				CLANG_WARN_INFINITE_RECURSION = YES;
				CLANG_WARN_INT_CONVERSION = YES;
				CLANG_WARN_NON_LITERAL_NULL_CONVERSION = YES;
				CLANG_WARN_OBJC_IMPLICIT_RETAIN_SELF = YES;
				CLANG_WARN_OBJC_LITERAL_CONVERSION = YES;
				CLANG_WARN_OBJC_ROOT_CLASS = YES_ERROR;
				CLANG_WARN_QUOTED_INCLUDE_IN_FRAMEWORK_HEADER = YES;
				CLANG_WARN_RANGE_LOOP_ANALYSIS = YES;
				CLANG_WARN_STRICT_PROTOTYPES = YES;
				CLANG_WARN_SUSPICIOUS_MOVE = YES;
				CLANG_WARN_UNGUARDED_AVAILABILITY = YES_AGGRESSIVE;
				CLANG_WARN_UNREACHABLE_CODE = YES;
				CLANG_WARN__DUPLICATE_METHOD_MATCH = YES;
				COPY_PHASE_STRIP = NO;
				DEBUG_INFORMATION_FORMAT = dwarf;
				ENABLE_STRICT_OBJC_MSGSEND = YES;
				ENABLE_TESTABILITY = YES;
				ENABLE_USER_SCRIPT_SANDBOXING = YES;
				GCC_C_LANGUAGE_STANDARD = gnu17;
				GCC_DYNAMIC_NO_PIC = NO;
				GCC_NO_COMMON_BLOCKS = YES;
				GCC_OPTIMIZATION_LEVEL = 0;
				GCC_PREPROCESSOR_DEFINITIONS = (
					"DEBUG=1",
					"$(inherited)",
				);
				GCC_WARN_64_TO_32_BIT_CONVERSION = YES;
				GCC_WARN_ABOUT_RETURN_TYPE = YES_ERROR;
				GCC_WARN_UNDECLARED_SELECTOR = YES;
				GCC_WARN_UNINITIALIZED_AUTOS = YES_AGGRESSIVE;
				GCC_WARN_UNUSED_FUNCTION = YES;
				GCC_WARN_UNUSED_VARIABLE = YES;
				IPHONEOS_DEPLOYMENT_TARGET = 18.1;
				LOCALIZATION_PREFERS_STRING_CATALOGS = YES;
				MTL_ENABLE_DEBUG_INFO = INCLUDE_SOURCE;
				MTL_FAST_MATH = YES;
				ONLY_ACTIVE_ARCH = YES;
				SDKROOT = iphoneos;
				SWIFT_ACTIVE_COMPILATION_CONDITIONS = "DEBUG $(inherited)";
				SWIFT_OPTIMIZATION_LEVEL = "-Onone";
			};
			name = Debug;
		};
		AA96D3102D4673BD00A5A828 /* Release */ = {
			isa = XCBuildConfiguration;
			buildSettings = {
				ALWAYS_SEARCH_USER_PATHS = NO;
				ASSETCATALOG_COMPILER_GENERATE_SWIFT_ASSET_SYMBOL_EXTENSIONS = YES;
				CLANG_ANALYZER_NONNULL = YES;
				CLANG_ANALYZER_NUMBER_OBJECT_CONVERSION = YES_AGGRESSIVE;
				CLANG_CXX_LANGUAGE_STANDARD = "gnu++20";
				CLANG_ENABLE_MODULES = YES;
				CLANG_ENABLE_OBJC_ARC = YES;
				CLANG_ENABLE_OBJC_WEAK = YES;
				CLANG_WARN_BLOCK_CAPTURE_AUTORELEASING = YES;
				CLANG_WARN_BOOL_CONVERSION = YES;
				CLANG_WARN_COMMA = YES;
				CLANG_WARN_CONSTANT_CONVERSION = YES;
				CLANG_WARN_DEPRECATED_OBJC_IMPLEMENTATIONS = YES;
				CLANG_WARN_DIRECT_OBJC_ISA_USAGE = YES_ERROR;
				CLANG_WARN_DOCUMENTATION_COMMENTS = YES;
				CLANG_WARN_EMPTY_BODY = YES;
				CLANG_WARN_ENUM_CONVERSION = YES;
				CLANG_WARN_INFINITE_RECURSION = YES;
				CLANG_WARN_INT_CONVERSION = YES;
				CLANG_WARN_NON_LITERAL_NULL_CONVERSION = YES;
				CLANG_WARN_OBJC_IMPLICIT_RETAIN_SELF = YES;
				CLANG_WARN_OBJC_LITERAL_CONVERSION = YES;
				CLANG_WARN_OBJC_ROOT_CLASS = YES_ERROR;
				CLANG_WARN_QUOTED_INCLUDE_IN_FRAMEWORK_HEADER = YES;
				CLANG_WARN_RANGE_LOOP_ANALYSIS = YES;
				CLANG_WARN_STRICT_PROTOTYPES = YES;
				CLANG_WARN_SUSPICIOUS_MOVE = YES;
				CLANG_WARN_UNGUARDED_AVAILABILITY = YES_AGGRESSIVE;
				CLANG_WARN_UNREACHABLE_CODE = YES;
				CLANG_WARN__DUPLICATE_METHOD_MATCH = YES;
				COPY_PHASE_STRIP = NO;
				DEBUG_INFORMATION_FORMAT = "dwarf-with-dsym";
				ENABLE_NS_ASSERTIONS = NO;
				ENABLE_STRICT_OBJC_MSGSEND = YES;
				ENABLE_USER_SCRIPT_SANDBOXING = YES;
				GCC_C_LANGUAGE_STANDARD = gnu17;
				GCC_NO_COMMON_BLOCKS = YES;
				GCC_WARN_64_TO_32_BIT_CONVERSION = YES;
				GCC_WARN_ABOUT_RETURN_TYPE = YES_ERROR;
				GCC_WARN_UNDECLARED_SELECTOR = YES;
				GCC_WARN_UNINITIALIZED_AUTOS = YES_AGGRESSIVE;
				GCC_WARN_UNUSED_FUNCTION = YES;
				GCC_WARN_UNUSED_VARIABLE = YES;
				IPHONEOS_DEPLOYMENT_TARGET = 18.1;
				LOCALIZATION_PREFERS_STRING_CATALOGS = YES;
				MTL_ENABLE_DEBUG_INFO = NO;
				MTL_FAST_MATH = YES;
				SDKROOT = iphoneos;
				SWIFT_COMPILATION_MODE = wholemodule;
				VALIDATE_PRODUCT = YES;
			};
			name = Release;
		};
		AA96D3122D4673BD00A5A828 /* Debug */ = {
			isa = XCBuildConfiguration;
			buildSettings = {
				ASSETCATALOG_COMPILER_APPICON_NAME = AppIcon;
				ASSETCATALOG_COMPILER_GLOBAL_ACCENT_COLOR_NAME = AccentColor;
				CODE_SIGN_STYLE = Automatic;
				CURRENT_PROJECT_VERSION = 1;
				DEVELOPMENT_ASSET_PATHS = "\"RadiOS/Preview Content\"";
				ENABLE_PREVIEWS = YES;
				GENERATE_INFOPLIST_FILE = YES;
				INFOPLIST_FILE = RadiOS/Info.plist;
				INFOPLIST_KEY_LSApplicationCategoryType = "";
				INFOPLIST_KEY_UIApplicationSceneManifest_Generation = YES;
				INFOPLIST_KEY_UIApplicationSupportsIndirectInputEvents = YES;
				INFOPLIST_KEY_UILaunchScreen_Generation = YES;
				INFOPLIST_KEY_UISupportedInterfaceOrientations_iPad = "UIInterfaceOrientationPortrait UIInterfaceOrientationPortraitUpsideDown UIInterfaceOrientationLandscapeLeft UIInterfaceOrientationLandscapeRight";
				INFOPLIST_KEY_UISupportedInterfaceOrientations_iPhone = "UIInterfaceOrientationPortrait UIInterfaceOrientationLandscapeLeft UIInterfaceOrientationLandscapeRight";
				LD_RUNPATH_SEARCH_PATHS = (
					"$(inherited)",
					"@executable_path/Frameworks",
				);
				MARKETING_VERSION = 1.0;
				PRODUCT_BUNDLE_IDENTIFIER = com.ensisa.RadiOS;
				PRODUCT_NAME = "$(TARGET_NAME)";
				SWIFT_EMIT_LOC_STRINGS = YES;
				SWIFT_VERSION = 5.0;
				TARGETED_DEVICE_FAMILY = "1,2";
			};
			name = Debug;
		};
		AA96D3132D4673BD00A5A828 /* Release */ = {
			isa = XCBuildConfiguration;
			buildSettings = {
				ASSETCATALOG_COMPILER_APPICON_NAME = AppIcon;
				ASSETCATALOG_COMPILER_GLOBAL_ACCENT_COLOR_NAME = AccentColor;
				CODE_SIGN_STYLE = Automatic;
				CURRENT_PROJECT_VERSION = 1;
				DEVELOPMENT_ASSET_PATHS = "\"RadiOS/Preview Content\"";
				ENABLE_PREVIEWS = YES;
				GENERATE_INFOPLIST_FILE = YES;
				INFOPLIST_FILE = RadiOS/Info.plist;
				INFOPLIST_KEY_LSApplicationCategoryType = "";
				INFOPLIST_KEY_UIApplicationSceneManifest_Generation = YES;
				INFOPLIST_KEY_UIApplicationSupportsIndirectInputEvents = YES;
				INFOPLIST_KEY_UILaunchScreen_Generation = YES;
				INFOPLIST_KEY_UISupportedInterfaceOrientations_iPad = "UIInterfaceOrientationPortrait UIInterfaceOrientationPortraitUpsideDown UIInterfaceOrientationLandscapeLeft UIInterfaceOrientationLandscapeRight";
				INFOPLIST_KEY_UISupportedInterfaceOrientations_iPhone = "UIInterfaceOrientationPortrait UIInterfaceOrientationLandscapeLeft UIInterfaceOrientationLandscapeRight";
				LD_RUNPATH_SEARCH_PATHS = (
					"$(inherited)",
					"@executable_path/Frameworks",
				);
				MARKETING_VERSION = 1.0;
				PRODUCT_BUNDLE_IDENTIFIER = com.ensisa.RadiOS;
				PRODUCT_NAME = "$(TARGET_NAME)";
				SWIFT_EMIT_LOC_STRINGS = YES;
				SWIFT_VERSION = 5.0;
				TARGETED_DEVICE_FAMILY = "1,2";
			};
			name = Release;
		};
		AA96D3152D4673BD00A5A828 /* Debug */ = {
			isa = XCBuildConfiguration;
			buildSettings = {
				BUNDLE_LOADER = "$(TEST_HOST)";
				CODE_SIGN_STYLE = Automatic;
				CURRENT_PROJECT_VERSION = 1;
				GENERATE_INFOPLIST_FILE = YES;
				IPHONEOS_DEPLOYMENT_TARGET = 18.1;
				MARKETING_VERSION = 1.0;
				PRODUCT_BUNDLE_IDENTIFIER = com.ensisa.RadiOSTests;
				PRODUCT_NAME = "$(TARGET_NAME)";
				SWIFT_EMIT_LOC_STRINGS = NO;
				SWIFT_VERSION = 5.0;
				TARGETED_DEVICE_FAMILY = "1,2";
				TEST_HOST = "$(BUILT_PRODUCTS_DIR)/RadiOS.app/$(BUNDLE_EXECUTABLE_FOLDER_PATH)/RadiOS";
			};
			name = Debug;
		};
		AA96D3162D4673BD00A5A828 /* Release */ = {
			isa = XCBuildConfiguration;
			buildSettings = {
				BUNDLE_LOADER = "$(TEST_HOST)";
				CODE_SIGN_STYLE = Automatic;
				CURRENT_PROJECT_VERSION = 1;
				GENERATE_INFOPLIST_FILE = YES;
				IPHONEOS_DEPLOYMENT_TARGET = 18.1;
				MARKETING_VERSION = 1.0;
				PRODUCT_BUNDLE_IDENTIFIER = com.ensisa.RadiOSTests;
				PRODUCT_NAME = "$(TARGET_NAME)";
				SWIFT_EMIT_LOC_STRINGS = NO;
				SWIFT_VERSION = 5.0;
				TARGETED_DEVICE_FAMILY = "1,2";
				TEST_HOST = "$(BUILT_PRODUCTS_DIR)/RadiOS.app/$(BUNDLE_EXECUTABLE_FOLDER_PATH)/RadiOS";
			};
			name = Release;
		};
		AA96D3182D4673BD00A5A828 /* Debug */ = {
			isa = XCBuildConfiguration;
			buildSettings = {
				CODE_SIGN_STYLE = Automatic;
				CURRENT_PROJECT_VERSION = 1;
				GENERATE_INFOPLIST_FILE = YES;
				MARKETING_VERSION = 1.0;
				PRODUCT_BUNDLE_IDENTIFIER = com.ensisa.RadiOSUITests;
				PRODUCT_NAME = "$(TARGET_NAME)";
				SWIFT_EMIT_LOC_STRINGS = NO;
				SWIFT_VERSION = 5.0;
				TARGETED_DEVICE_FAMILY = "1,2";
				TEST_TARGET_NAME = RadiOS;
			};
			name = Debug;
		};
		AA96D3192D4673BD00A5A828 /* Release */ = {
			isa = XCBuildConfiguration;
			buildSettings = {
				CODE_SIGN_STYLE = Automatic;
				CURRENT_PROJECT_VERSION = 1;
				GENERATE_INFOPLIST_FILE = YES;
				MARKETING_VERSION = 1.0;
				PRODUCT_BUNDLE_IDENTIFIER = com.ensisa.RadiOSUITests;
				PRODUCT_NAME = "$(TARGET_NAME)";
				SWIFT_EMIT_LOC_STRINGS = NO;
				SWIFT_VERSION = 5.0;
				TARGETED_DEVICE_FAMILY = "1,2";
				TEST_TARGET_NAME = RadiOS;
			};
			name = Release;
		};
/* End XCBuildConfiguration section */

/* Begin XCConfigurationList section */
		AA96D2E82D4673BC00A5A828 /* Build configuration list for PBXProject "RadiOS" */ = {
			isa = XCConfigurationList;
			buildConfigurations = (
				AA96D30F2D4673BD00A5A828 /* Debug */,
				AA96D3102D4673BD00A5A828 /* Release */,
			);
			defaultConfigurationIsVisible = 0;
			defaultConfigurationName = Release;
		};
		AA96D3112D4673BD00A5A828 /* Build configuration list for PBXNativeTarget "RadiOS" */ = {
			isa = XCConfigurationList;
			buildConfigurations = (
				AA96D3122D4673BD00A5A828 /* Debug */,
				AA96D3132D4673BD00A5A828 /* Release */,
			);
			defaultConfigurationIsVisible = 0;
			defaultConfigurationName = Release;
		};
		AA96D3142D4673BD00A5A828 /* Build configuration list for PBXNativeTarget "RadiOSTests" */ = {
			isa = XCConfigurationList;
			buildConfigurations = (
				AA96D3152D4673BD00A5A828 /* Debug */,
				AA96D3162D4673BD00A5A828 /* Release */,
			);
			defaultConfigurationIsVisible = 0;
			defaultConfigurationName = Release;
		};
		AA96D3172D4673BD00A5A828 /* Build configuration list for PBXNativeTarget "RadiOSUITests" */ = {
			isa = XCConfigurationList;
			buildConfigurations = (
				AA96D3182D4673BD00A5A828 /* Debug */,
				AA96D3192D4673BD00A5A828 /* Release */,
			);
			defaultConfigurationIsVisible = 0;
			defaultConfigurationName = Release;
		};
/* End XCConfigurationList section */
	};
	rootObject = AA96D2E52D4673BC00A5A828 /* Project object */;
}
